
Microsoft Visual Studio Solution File, Format Version 12.00
Project("{FAE04EC0-301F-11D3-BF4B-00C04F79EFBC}") = "MyMongo", "MyMongo\MyMongo.csproj", "{8BC5D535-98EE-46FD-A191-C0CB4DE9784D}"
EndProject
Global
	GlobalSection(SolutionConfigurationPlatforms) = preSolution
		Debug|Any CPU = Debug|Any CPU
		Release|Any CPU = Release|Any CPU
	EndGlobalSection
	GlobalSection(ProjectConfigurationPlatforms) = postSolution
		{8BC5D535-98EE-46FD-A191-C0CB4DE9784D}.Debug|Any CPU.ActiveCfg = Debug|Any CPU
		{8BC5D535-98EE-46FD-A191-C0CB4DE9784D}.Debug|Any CPU.Build.0 = Debug|Any CPU
		{8BC5D535-98EE-46FD-A191-C0CB4DE9784D}.Release|Any CPU.ActiveCfg = Release|Any CPU
		{8BC5D535-98EE-46FD-A191-C0CB4DE9784D}.Release|Any CPU.Build.0 = Release|Any CPU
	EndGlobalSection
EndGlobal
